{
  "name": "sensor-recorder",
  "version": "0.0.2",
  "lockfileVersion": 1,
  "requires": true,
  "dependencies": {
    "array-query": {
      "version": "0.1.2",
      "resolved": "https://registry.npmjs.org/array-query/-/array-query-0.1.2.tgz",
      "integrity": "sha1-Wy6wOvqAX1Cf2FbPsTOOsjEsUzE="
    }
  }
}
